// !$*UTF8*$!
{
	archiveVersion = 1;
	classes = {
	};
	objectVersion = 46;
	objects = {

/* Begin PBXAggregateTarget section */
		1C3C37B66D2E1CABBAE8C962 /* SPLMeter - All */ = {
			isa = PBXAggregateTarget;
			buildConfigurationList = 4A034C79D9610346DBE93769;
			buildPhases = (
			);
			dependencies = (
				D003D1C993AF423F8344B8BA,
				A39BAEE5B91976D35E6BFA79,
				E5893B221936D4F1A2836D7F,
				C61AD6810917E282C550037D,
				DB0AFED2FA1F244A182093A1,
			);
			name = "SPLMeter - All";
			productName = SPLMeter;
		};
/* End PBXAggregateTarget section */

/* Begin PBXBuildFile section */
		03B858FB4C2CE8E6EDE0E9A9 /* QuartzCore.framework */ = {isa = PBXBuildFile; fileRef = 20C49E661B2C2D9E53654C6E; };
		05FB99ABDAC8CFC03AD02C13 /* include_juce_core_CompilationTime.cpp */ = {isa = PBXBuildFile; fileRef = 18001FAA5156F6DAAFFF4542; };
		06A9F2AD0C67A48A2AC8418C /* VST3 Manifest Helper */ = {isa = PBXBuildFile; fileRef = 17C655BCBE550AC386C7589A; };
		08075C121DF380AF3D5B7C09 /* juce_VST3ManifestHelper.mm */ = {isa = PBXBuildFile; fileRef = 2094ADD5CD9BC52C1D62DF6F; settings = { COMPILER_FLAGS = "-fobjc-arc -w -DJUCE_SKIP_PRECOMPILED_HEADER"; }; };
		1786A9E30D02F0FB96DF3C36 /* IOKit.framework */ = {isa = PBXBuildFile; fileRef = D4CAE9FCB3C46F595F30D579; };
		18E8420E34E10FC12F0E4892 /* include_juce_audio_devices.mm */ = {isa = PBXBuildFile; fileRef = E83BCD3B83BF6D04F7444B61; };
		1CC2860079411D24F864F7DD /* LogComponent.cpp */ = {isa = PBXBuildFile; fileRef = D33C4CC3FB229CD1BAF22424; };
		1EF2F9C6C090FF75CE346BD0 /* include_juce_core.mm */ = {isa = PBXBuildFile; fileRef = 3AD00F77B00D9FB393688CE4; };
		1FA0D9FD07B451822B1E9B0A /* include_juce_audio_plugin_client_VST3.mm */ = {isa = PBXBuildFile; fileRef = 89D6277F8D28B42F44DB72E3; };
		1FFFA7D1DA59D8C6FBF4DE2C /* include_juce_audio_basics.mm */ = {isa = PBXBuildFile; fileRef = 994D99F4C20BBA33055E56A5; };
		28290C747EE023166AAFD2FF /* Accelerate.framework */ = {isa = PBXBuildFile; fileRef = 372B4A7E426EAF667BC052A8; };
		2BB37A03297F6F6589145B79 /* AU */ = {isa = PBXBuildFile; fileRef = A61EAF250004D5026C95D643; };
		2DD14DFEE23F33163077194C /* include_juce_audio_processors_lv2_libs.cpp */ = {isa = PBXBuildFile; fileRef = 56B4D676F1178E912FCCB52E; };
		2F537C6BB841F3EB0FFB4B0B /* DiscRecording.framework */ = {isa = PBXBuildFile; fileRef = 6A9A36FB7C9F33554A86E7A5; };
		3D25E360BA91F53E3F5890A9 /* Cocoa.framework */ = {isa = PBXBuildFile; fileRef = 09BAAA95B87FC65D5EE9CD51; };
		43E11470E6C39D7144CA4A20 /* include_juce_graphics.mm */ = {isa = PBXBuildFile; fileRef = 54A4C1BD55E46CC0AF86C9A0; };
		4519F641966ACD0A2FA6A1D6 /* RecentFilesMenuTemplate.nib */ = {isa = PBXBuildFile; fileRef = E39B27A6AB418087EE4CA13A; };
		500AC6EBA1E21255177EAF42 /* include_juce_audio_formats.mm */ = {isa = PBXBuildFile; fileRef = E6332944D99A60A6FE26F1A3; };
		50A8DE99A4A7211D29F4CF89 /* WebKit.framework */ = {isa = PBXBuildFile; fileRef = CB62768135534D5F6C94F0BE; };
		524D7941A459BC06AB1BA9F2 /* CoreAudio.framework */ = {isa = PBXBuildFile; fileRef = FA49936751DB2B17DC6AAE39; };
		593E85BB4D8A118EF0A4016A /* MetalKit.framework */ = {isa = PBXBuildFile; fileRef = 92094977211ED7D801E17BF3; settings = { ATTRIBUTES = (Weak, ); }; };
		670AD918311E706731C9863C /* include_juce_audio_plugin_client_AU_1.mm */ = {isa = PBXBuildFile; fileRef = 0F128A6891750F7A33F7FDB2; };
		6AFEA44AC0332156CB11DFB8 /* MeterComponent.cpp */ = {isa = PBXBuildFile; fileRef = 9C639977156116312E958833; };
		6F11357EC885ADF747705042 /* Shared Code */ = {isa = PBXBuildFile; fileRef = 1152F3B11166D1570CFC9AF5; };
		75EC0ED0FC25DCE1EE7F9351 /* include_juce_audio_plugin_client_Standalone.cpp */ = {isa = PBXBuildFile; fileRef = BD15308FB8F3E82A960914ED; };
		81A51A70610D74A9768ED3C8 /* AudioUnit.framework */ = {isa = PBXBuildFile; fileRef = 82911F6E16A7032CA1BCE0AC; };
		86B7C4B98819DA9627794B55 /* VST3 */ = {isa = PBXBuildFile; fileRef = AEE309B054024A4EEB01E1A8; };
		8EC10964C51D9B495783CA15 /* CoreAudioKit.framework */ = {isa = PBXBuildFile; fileRef = F036DDDE687322AAA0166EE4; };
		913F1C8C198352580E97CD75 /* include_juce_gui_basics.mm */ = {isa = PBXBuildFile; fileRef = C9B8A55320975AA115B1FED8; };
		9160D6B0296F5C4607A7F57F /* Security.framework */ = {isa = PBXBuildFile; fileRef = 9F579C50AC433299207704CB; };
		916CBA4AA314A7A2F91F529E /* include_juce_audio_utils.mm */ = {isa = PBXBuildFile; fileRef = 3F26EB58955C1292A52CFF49; };
		91F9ABD831B61BCF06F86293 /* include_juce_data_structures.mm */ = {isa = PBXBuildFile; fileRef = 8CF6C91DFDBE0C3C2C8F36A4; };
		97272F531D040F4A7DE88B74 /* include_juce_audio_processors.mm */ = {isa = PBXBuildFile; fileRef = 6AAC2483278ACB6059B93AF6; };
		A01E075023B79C97027B1B7D /* include_juce_graphics_Sheenbidi.c */ = {isa = PBXBuildFile; fileRef = 029F1471E579B4639F737AAE; };
		A16E1BA11E385D923D887E1A /* include_juce_events.mm */ = {isa = PBXBuildFile; fileRef = 2B4530A6B5EF7FB8621B57DF; };
		A851F6A71B9B3351CFF2CED9 /* PluginProcessor.cpp */ = {isa = PBXBuildFile; fileRef = E171E84472C77217074C17C3; };
		AC513707EB2A4C6130544DBF /* CoreMIDI.framework */ = {isa = PBXBuildFile; fileRef = 212AE6A0BC28239E4A3AB85D; };
		B111F7955DD2C41FC1F99DA5 /* Foundation.framework */ = {isa = PBXBuildFile; fileRef = 4C4869280DDA32272A50470F; };
		B36F97E07283762F85C3A5C9 /* AudioToolbox.framework */ = {isa = PBXBuildFile; fileRef = 706145C71EAC949972BC9DB8; };
		B5A58D48034B93145F46DCB5 /* include_juce_audio_plugin_client_ARA.cpp */ = {isa = PBXBuildFile; fileRef = 3E5F98FE69C86485BBB11C61; };
		B61E67E5CC2874353FDA688C /* include_juce_gui_extra.mm */ = {isa = PBXBuildFile; fileRef = 86B6041604A7CD6D67546E4D; };
		BA07F263E3C242938969B894 /* Metal.framework */ = {isa = PBXBuildFile; fileRef = A1785F2BCA7D8F212B9AC7A9; settings = { ATTRIBUTES = (Weak, ); }; };
		C82D205B0BAF6A5219631825 /* include_juce_audio_processors_ara.cpp */ = {isa = PBXBuildFile; fileRef = 4A4F68DB6852EF7F248B98A6; };
		D7D54863215E5EE3F544F370 /* PluginEditor.cpp */ = {isa = PBXBuildFile; fileRef = D6C47D06ED1ABB418A6C9401; };
		DA0D9D95CD1AEE75B523F674 /* include_juce_dsp.mm */ = {isa = PBXBuildFile; fileRef = 59070BD5655FAE65CEF3AAAA; };
		DBE9C470A27E56695B838320 /* Standalone Plugin */ = {isa = PBXBuildFile; fileRef = AD2398678AC34C0C654EFE44; };
		DCE173AE7056DDB0E7881903 /* include_juce_audio_plugin_client_AU_2.mm */ = {isa = PBXBuildFile; fileRef = 43CAA11F83C05F9B26D95184; };
		FAB4749B324F8A1A5D9E2DED /* include_juce_graphics_Harfbuzz.cpp */ = {isa = PBXBuildFile; fileRef = 1AD350EF38B28DBAD3156051; };
/* End PBXBuildFile section */

/* Begin PBXFileReference section */
		029F1471E579B4639F737AAE /* include_juce_graphics_Sheenbidi.c */ /* include_juce_graphics_Sheenbidi.c */ = {isa = PBXFileReference; lastKnownFileType = sourcecode.c.c; name = include_juce_graphics_Sheenbidi.c; path = ../../JuceLibraryCode/include_juce_graphics_Sheenbidi.c; sourceTree = SOURCE_ROOT; };
		050C95301A0AC31992A742B9 /* juce_graphics */ /* juce_graphics */ = {isa = PBXFileReference; lastKnownFileType = folder; name = juce_graphics; path = /Applications/JUCE/modules/juce_graphics; sourceTree = "<absolute>"; };
		09BAAA95B87FC65D5EE9CD51 /* Cocoa.framework */ /* Cocoa.framework */ = {isa = PBXFileReference; lastKnownFileType = wrapper.framework; name = Cocoa.framework; path = System/Library/Frameworks/Cocoa.framework; sourceTree = SDKROOT; };
		0F128A6891750F7A33F7FDB2 /* include_juce_audio_plugin_client_AU_1.mm */ /* include_juce_audio_plugin_client_AU_1.mm */ = {isa = PBXFileReference; lastKnownFileType = sourcecode.cpp.objcpp; name = include_juce_audio_plugin_client_AU_1.mm; path = ../../JuceLibraryCode/include_juce_audio_plugin_client_AU_1.mm; sourceTree = SOURCE_ROOT; };
		1152F3B11166D1570CFC9AF5 /* Shared Code */ = {isa = PBXFileReference; explicitFileType = archive.ar; includeInIndex = 0; path = libSPLMeter.a; sourceTree = BUILT_PRODUCTS_DIR; };
		13C13AC1B05A734601BE4B01 /* JuceHeader.h */ /* JuceHeader.h */ = {isa = PBXFileReference; lastKnownFileType = sourcecode.c.h; name = JuceHeader.h; path = ../../JuceLibraryCode/JuceHeader.h; sourceTree = SOURCE_ROOT; };
		17C655BCBE550AC386C7589A /* VST3 Manifest Helper */ = {isa = PBXFileReference; explicitFileType = "compiled.mach-o.executable"; includeInIndex = 0; path = juce_vst3_helper; sourceTree = BUILT_PRODUCTS_DIR; };
		18001FAA5156F6DAAFFF4542 /* include_juce_core_CompilationTime.cpp */ /* include_juce_core_CompilationTime.cpp */ = {isa = PBXFileReference; lastKnownFileType = sourcecode.cpp.cpp; name = include_juce_core_CompilationTime.cpp; path = ../../JuceLibraryCode/include_juce_core_CompilationTime.cpp; sourceTree = SOURCE_ROOT; };
		1AD350EF38B28DBAD3156051 /* include_juce_graphics_Harfbuzz.cpp */ /* include_juce_graphics_Harfbuzz.cpp */ = {isa = PBXFileReference; lastKnownFileType = sourcecode.cpp.cpp; name = include_juce_graphics_Harfbuzz.cpp; path = ../../JuceLibraryCode/include_juce_graphics_Harfbuzz.cpp; sourceTree = SOURCE_ROOT; };
		1B624B819799A7B842717326 /* juce_gui_basics */ /* juce_gui_basics */ = {isa = PBXFileReference; lastKnownFileType = folder; name = juce_gui_basics; path = /Applications/JUCE/modules/juce_gui_basics; sourceTree = "<absolute>"; };
		1C16E97326E94D7C0A19F25C /* MeterComponent.h */ /* MeterComponent.h */ = {isa = PBXFileReference; lastKnownFileType = sourcecode.c.h; name = MeterComponent.h; path = ../../Source/MeterComponent.h; sourceTree = SOURCE_ROOT; };
		2094ADD5CD9BC52C1D62DF6F /* juce_VST3ManifestHelper.mm */ /* juce_VST3ManifestHelper.mm */ = {isa = PBXFileReference; lastKnownFileType = sourcecode.cpp.objcpp; name = juce_VST3ManifestHelper.mm; path = /Applications/JUCE/modules/juce_audio_plugin_client/VST3/juce_VST3ManifestHelper.mm; sourceTree = "<absolute>"; };
		20C49E661B2C2D9E53654C6E /* QuartzCore.framework */ /* QuartzCore.framework */ = {isa = PBXFileReference; lastKnownFileType = wrapper.framework; name = QuartzCore.framework; path = System/Library/Frameworks/QuartzCore.framework; sourceTree = SDKROOT; };
		212AE6A0BC28239E4A3AB85D /* CoreMIDI.framework */ /* CoreMIDI.framework */ = {isa = PBXFileReference; lastKnownFileType = wrapper.framework; name = CoreMIDI.framework; path = System/Library/Frameworks/CoreMIDI.framework; sourceTree = SDKROOT; };
		2B4530A6B5EF7FB8621B57DF /* include_juce_events.mm */ /* include_juce_events.mm */ = {isa = PBXFileReference; lastKnownFileType = sourcecode.cpp.objcpp; name = include_juce_events.mm; path = ../../JuceLibraryCode/include_juce_events.mm; sourceTree = SOURCE_ROOT; };
		3008FEB340EA50F4A6569D9E /* juce_gui_extra */ /* juce_gui_extra */ = {isa = PBXFileReference; lastKnownFileType = folder; name = juce_gui_extra; path = /Applications/JUCE/modules/juce_gui_extra; sourceTree = "<absolute>"; };
		372B4A7E426EAF667BC052A8 /* Accelerate.framework */ /* Accelerate.framework */ = {isa = PBXFileReference; lastKnownFileType = wrapper.framework; name = Accelerate.framework; path = System/Library/Frameworks/Accelerate.framework; sourceTree = SDKROOT; };
		3AD00F77B00D9FB393688CE4 /* include_juce_core.mm */ /* include_juce_core.mm */ = {isa = PBXFileReference; lastKnownFileType = sourcecode.cpp.objcpp; name = include_juce_core.mm; path = ../../JuceLibraryCode/include_juce_core.mm; sourceTree = SOURCE_ROOT; };
		3E49CCBD2CA322551CF61D19 /* Info-Standalone_Plugin.plist */ /* Info-Standalone_Plugin.plist */ = {isa = PBXFileReference; lastKnownFileType = text.plist.xml; name = "Info-Standalone_Plugin.plist"; path = "Info-Standalone_Plugin.plist"; sourceTree = SOURCE_ROOT; };
		3E5F98FE69C86485BBB11C61 /* include_juce_audio_plugin_client_ARA.cpp */ /* include_juce_audio_plugin_client_ARA.cpp */ = {isa = PBXFileReference; lastKnownFileType = sourcecode.cpp.cpp; name = include_juce_audio_plugin_client_ARA.cpp; path = ../../JuceLibraryCode/include_juce_audio_plugin_client_ARA.cpp; sourceTree = SOURCE_ROOT; };
		3F26EB58955C1292A52CFF49 /* include_juce_audio_utils.mm */ /* include_juce_audio_utils.mm */ = {isa = PBXFileReference; lastKnownFileType = sourcecode.cpp.objcpp; name = include_juce_audio_utils.mm; path = ../../JuceLibraryCode/include_juce_audio_utils.mm; sourceTree = SOURCE_ROOT; };
		43CAA11F83C05F9B26D95184 /* include_juce_audio_plugin_client_AU_2.mm */ /* include_juce_audio_plugin_client_AU_2.mm */ = {isa = PBXFileReference; lastKnownFileType = sourcecode.cpp.objcpp; name = include_juce_audio_plugin_client_AU_2.mm; path = ../../JuceLibraryCode/include_juce_audio_plugin_client_AU_2.mm; sourceTree = SOURCE_ROOT; };
		4510CF5E7A219409054B3422 /* juce_audio_plugin_client */ /* juce_audio_plugin_client */ = {isa = PBXFileReference; lastKnownFileType = folder; name = juce_audio_plugin_client; path = /Applications/JUCE/modules/juce_audio_plugin_client; sourceTree = "<absolute>"; };
		4A4F68DB6852EF7F248B98A6 /* include_juce_audio_processors_ara.cpp */ /* include_juce_audio_processors_ara.cpp */ = {isa = PBXFileReference; lastKnownFileType = sourcecode.cpp.cpp; name = include_juce_audio_processors_ara.cpp; path = ../../JuceLibraryCode/include_juce_audio_processors_ara.cpp; sourceTree = SOURCE_ROOT; };
		4C4869280DDA32272A50470F /* Foundation.framework */ /* Foundation.framework */ = {isa = PBXFileReference; lastKnownFileType = wrapper.framework; name = Foundation.framework; path = System/Library/Frameworks/Foundation.framework; sourceTree = SDKROOT; };
		5126D33A9B18F15F4E28AAFA /* JucePluginDefines.h */ /* JucePluginDefines.h */ = {isa = PBXFileReference; lastKnownFileType = sourcecode.c.h; name = JucePluginDefines.h; path = ../../JuceLibraryCode/JucePluginDefines.h; sourceTree = SOURCE_ROOT; };
		54A4C1BD55E46CC0AF86C9A0 /* include_juce_graphics.mm */ /* include_juce_graphics.mm */ = {isa = PBXFileReference; lastKnownFileType = sourcecode.cpp.objcpp; name = include_juce_graphics.mm; path = ../../JuceLibraryCode/include_juce_graphics.mm; sourceTree = SOURCE_ROOT; };
		56B4D676F1178E912FCCB52E /* include_juce_audio_processors_lv2_libs.cpp */ /* include_juce_audio_processors_lv2_libs.cpp */ = {isa = PBXFileReference; lastKnownFileType = sourcecode.cpp.cpp; name = include_juce_audio_processors_lv2_libs.cpp; path = ../../JuceLibraryCode/include_juce_audio_processors_lv2_libs.cpp; sourceTree = SOURCE_ROOT; };
		585E9D7D125918E9E2B1DA4F /* PluginEditor.h */ /* PluginEditor.h */ = {isa = PBXFileReference; lastKnownFileType = sourcecode.c.h; name = PluginEditor.h; path = ../../Source/PluginEditor.h; sourceTree = SOURCE_ROOT; };
		59070BD5655FAE65CEF3AAAA /* include_juce_dsp.mm */ /* include_juce_dsp.mm */ = {isa = PBXFileReference; lastKnownFileType = sourcecode.cpp.objcpp; name = include_juce_dsp.mm; path = ../../JuceLibraryCode/include_juce_dsp.mm; sourceTree = SOURCE_ROOT; };
		62355DE4F114B1A5F25C484B /* juce_audio_formats */ /* juce_audio_formats */ = {isa = PBXFileReference; lastKnownFileType = folder; name = juce_audio_formats; path = /Applications/JUCE/modules/juce_audio_formats; sourceTree = "<absolute>"; };
		6A9A36FB7C9F33554A86E7A5 /* DiscRecording.framework */ /* DiscRecording.framework */ = {isa = PBXFileReference; lastKnownFileType = wrapper.framework; name = DiscRecording.framework; path = System/Library/Frameworks/DiscRecording.framework; sourceTree = SDKROOT; };
		6AAC2483278ACB6059B93AF6 /* include_juce_audio_processors.mm */ /* include_juce_audio_processors.mm */ = {isa = PBXFileReference; lastKnownFileType = sourcecode.cpp.objcpp; name = include_juce_audio_processors.mm; path = ../../JuceLibraryCode/include_juce_audio_processors.mm; sourceTree = SOURCE_ROOT; };
		6C5EB2284006C0CF133CE70C /* juce_audio_devices */ /* juce_audio_devices */ = {isa = PBXFileReference; lastKnownFileType = folder; name = juce_audio_devices; path = /Applications/JUCE/modules/juce_audio_devices; sourceTree = "<absolute>"; };
		6E728B4D41FD93C75E815E2F /* AWeightingFilter.h */ /* AWeightingFilter.h */ = {isa = PBXFileReference; lastKnownFileType = sourcecode.c.h; name = AWeightingFilter.h; path = ../../Source/AWeightingFilter.h; sourceTree = SOURCE_ROOT; };
		706145C71EAC949972BC9DB8 /* AudioToolbox.framework */ /* AudioToolbox.framework */ = {isa = PBXFileReference; lastKnownFileType = wrapper.framework; name = AudioToolbox.framework; path = System/Library/Frameworks/AudioToolbox.framework; sourceTree = SDKROOT; };
		7062A2007FACBE9BEAE66440 /* Info-AU.plist */ /* Info-AU.plist */ = {isa = PBXFileReference; lastKnownFileType = text.plist.xml; name = "Info-AU.plist"; path = "Info-AU.plist"; sourceTree = SOURCE_ROOT; };
		756C046F4431CA8DFFDE32A6 /* Info-VST3.plist */ /* Info-VST3.plist */ = {isa = PBXFileReference; lastKnownFileType = text.plist.xml; name = "Info-VST3.plist"; path = "Info-VST3.plist"; sourceTree = SOURCE_ROOT; };
		763AD5A82EAC51564D0895CB /* AppConfig.h */ /* AppConfig.h */ = {isa = PBXFileReference; lastKnownFileType = sourcecode.c.h; name = AppConfig.h; path = ../../JuceLibraryCode/AppConfig.h; sourceTree = SOURCE_ROOT; };
		81C7BA97596B119BCE6F81CC /* juce_audio_utils */ /* juce_audio_utils */ = {isa = PBXFileReference; lastKnownFileType = folder; name = juce_audio_utils; path = /Applications/JUCE/modules/juce_audio_utils; sourceTree = "<absolute>"; };
		82911F6E16A7032CA1BCE0AC /* AudioUnit.framework */ /* AudioUnit.framework */ = {isa = PBXFileReference; lastKnownFileType = wrapper.framework; name = AudioUnit.framework; path = System/Library/Frameworks/AudioUnit.framework; sourceTree = SDKROOT; };
		8669F2455CB595226BBF16C9 /* juce_audio_basics */ /* juce_audio_basics */ = {isa = PBXFileReference; lastKnownFileType = folder; name = juce_audio_basics; path = /Applications/JUCE/modules/juce_audio_basics; sourceTree = "<absolute>"; };
		86B6041604A7CD6D67546E4D /* include_juce_gui_extra.mm */ /* include_juce_gui_extra.mm */ = {isa = PBXFileReference; lastKnownFileType = sourcecode.cpp.objcpp; name = include_juce_gui_extra.mm; path = ../../JuceLibraryCode/include_juce_gui_extra.mm; sourceTree = SOURCE_ROOT; };
		89D6277F8D28B42F44DB72E3 /* include_juce_audio_plugin_client_VST3.mm */ /* include_juce_audio_plugin_client_VST3.mm */ = {isa = PBXFileReference; lastKnownFileType = sourcecode.cpp.objcpp; name = include_juce_audio_plugin_client_VST3.mm; path = ../../JuceLibraryCode/include_juce_audio_plugin_client_VST3.mm; sourceTree = SOURCE_ROOT; };
		8CF6C91DFDBE0C3C2C8F36A4 /* include_juce_data_structures.mm */ /* include_juce_data_structures.mm */ = {isa = PBXFileReference; lastKnownFileType = sourcecode.cpp.objcpp; name = include_juce_data_structures.mm; path = ../../JuceLibraryCode/include_juce_data_structures.mm; sourceTree = SOURCE_ROOT; };
		92094977211ED7D801E17BF3 /* MetalKit.framework */ /* MetalKit.framework */ = {isa = PBXFileReference; lastKnownFileType = wrapper.framework; name = MetalKit.framework; path = System/Library/Frameworks/MetalKit.framework; sourceTree = SDKROOT; };
		994D99F4C20BBA33055E56A5 /* include_juce_audio_basics.mm */ /* include_juce_audio_basics.mm */ = {isa = PBXFileReference; lastKnownFileType = sourcecode.cpp.objcpp; name = include_juce_audio_basics.mm; path = ../../JuceLibraryCode/include_juce_audio_basics.mm; sourceTree = SOURCE_ROOT; };
		9C639977156116312E958833 /* MeterComponent.cpp */ /* MeterComponent.cpp */ = {isa = PBXFileReference; lastKnownFileType = sourcecode.cpp.cpp; name = MeterComponent.cpp; path = ../../Source/MeterComponent.cpp; sourceTree = SOURCE_ROOT; };
		9F579C50AC433299207704CB /* Security.framework */ /* Security.framework */ = {isa = PBXFileReference; lastKnownFileType = wrapper.framework; name = Security.framework; path = System/Library/Frameworks/Security.framework; sourceTree = SDKROOT; };
		A1785F2BCA7D8F212B9AC7A9 /* Metal.framework */ /* Metal.framework */ = {isa = PBXFileReference; lastKnownFileType = wrapper.framework; name = Metal.framework; path = System/Library/Frameworks/Metal.framework; sourceTree = SDKROOT; };
		A61EAF250004D5026C95D643 /* AU */ = {isa = PBXFileReference; explicitFileType = wrapper.cfbundle; includeInIndex = 0; path = SPLMeter.component; sourceTree = BUILT_PRODUCTS_DIR; };
		AB51EE93C910BA7CADFAB335 /* juce_events */ /* juce_events */ = {isa = PBXFileReference; lastKnownFileType = folder; name = juce_events; path = /Applications/JUCE/modules/juce_events; sourceTree = "<absolute>"; };
		AD2398678AC34C0C654EFE44 /* Standalone Plugin */ = {isa = PBXFileReference; explicitFileType = wrapper.application; includeInIndex = 0; path = SPLMeter.app; sourceTree = BUILT_PRODUCTS_DIR; };
		AEE309B054024A4EEB01E1A8 /* VST3 */ = {isa = PBXFileReference; explicitFileType = wrapper.cfbundle; includeInIndex = 0; path = SPLMeter.vst3; sourceTree = BUILT_PRODUCTS_DIR; };
		B2EA7CFCA293A3F44007E5E4 /* Info-VST3_Manifest_Helper.plist */ /* Info-VST3_Manifest_Helper.plist */ = {isa = PBXFileReference; lastKnownFileType = text.plist.xml; name = "Info-VST3_Manifest_Helper.plist"; path = "Info-VST3_Manifest_Helper.plist"; sourceTree = SOURCE_ROOT; };
		BD15308FB8F3E82A960914ED /* include_juce_audio_plugin_client_Standalone.cpp */ /* include_juce_audio_plugin_client_Standalone.cpp */ = {isa = PBXFileReference; lastKnownFileType = sourcecode.cpp.cpp; name = include_juce_audio_plugin_client_Standalone.cpp; path = ../../JuceLibraryCode/include_juce_audio_plugin_client_Standalone.cpp; sourceTree = SOURCE_ROOT; };
		C1E31F751CB944A355EF2828 /* PluginProcessor.h */ /* PluginProcessor.h */ = {isa = PBXFileReference; lastKnownFileType = sourcecode.c.h; name = PluginProcessor.h; path = ../../Source/PluginProcessor.h; sourceTree = SOURCE_ROOT; };
		C9B8A55320975AA115B1FED8 /* include_juce_gui_basics.mm */ /* include_juce_gui_basics.mm */ = {isa = PBXFileReference; lastKnownFileType = sourcecode.cpp.objcpp; name = include_juce_gui_basics.mm; path = ../../JuceLibraryCode/include_juce_gui_basics.mm; sourceTree = SOURCE_ROOT; };
		CB62768135534D5F6C94F0BE /* WebKit.framework */ /* WebKit.framework */ = {isa = PBXFileReference; lastKnownFileType = wrapper.framework; name = WebKit.framework; path = System/Library/Frameworks/WebKit.framework; sourceTree = SDKROOT; };
		D33C4CC3FB229CD1BAF22424 /* LogComponent.cpp */ /* LogComponent.cpp */ = {isa = PBXFileReference; lastKnownFileType = sourcecode.cpp.cpp; name = LogComponent.cpp; path = ../../Source/LogComponent.cpp; sourceTree = SOURCE_ROOT; };
		D4CAE9FCB3C46F595F30D579 /* IOKit.framework */ /* IOKit.framework */ = {isa = PBXFileReference; lastKnownFileType = wrapper.framework; name = IOKit.framework; path = System/Library/Frameworks/IOKit.framework; sourceTree = SDKROOT; };
		D6C47D06ED1ABB418A6C9401 /* PluginEditor.cpp */ /* PluginEditor.cpp */ = {isa = PBXFileReference; lastKnownFileType = sourcecode.cpp.cpp; name = PluginEditor.cpp; path = ../../Source/PluginEditor.cpp; sourceTree = SOURCE_ROOT; };
		DC22D5089D1F2610AC274EBA /* juce_data_structures */ /* juce_data_structures */ = {isa = PBXFileReference; lastKnownFileType = folder; name = juce_data_structures; path = /Applications/JUCE/modules/juce_data_structures; sourceTree = "<absolute>"; };
		E12585BE76BB5C56AE0F32FF /* juce_core */ /* juce_core */ = {isa = PBXFileReference; lastKnownFileType = folder; name = juce_core; path = /Applications/JUCE/modules/juce_core; sourceTree = "<absolute>"; };
		E1287764FA4004C9FDAF39F4 /* CWeightingFilter.h */ /* CWeightingFilter.h */ = {isa = PBXFileReference; lastKnownFileType = sourcecode.c.h; name = CWeightingFilter.h; path = ../../Source/CWeightingFilter.h; sourceTree = SOURCE_ROOT; };
		E171E84472C77217074C17C3 /* PluginProcessor.cpp */ /* PluginProcessor.cpp */ = {isa = PBXFileReference; lastKnownFileType = sourcecode.cpp.cpp; name = PluginProcessor.cpp; path = ../../Source/PluginProcessor.cpp; sourceTree = SOURCE_ROOT; };
		E39B27A6AB418087EE4CA13A /* RecentFilesMenuTemplate.nib */ /* RecentFilesMenuTemplate.nib */ = {isa = PBXFileReference; lastKnownFileType = file.nib; name = RecentFilesMenuTemplate.nib; path = RecentFilesMenuTemplate.nib; sourceTree = SOURCE_ROOT; };
		E6332944D99A60A6FE26F1A3 /* include_juce_audio_formats.mm */ /* include_juce_audio_formats.mm */ = {isa = PBXFileReference; lastKnownFileType = sourcecode.cpp.objcpp; name = include_juce_audio_formats.mm; path = ../../JuceLibraryCode/include_juce_audio_formats.mm; sourceTree = SOURCE_ROOT; };
		E83BCD3B83BF6D04F7444B61 /* include_juce_audio_devices.mm */ /* include_juce_audio_devices.mm */ = {isa = PBXFileReference; lastKnownFileType = sourcecode.cpp.objcpp; name = include_juce_audio_devices.mm; path = ../../JuceLibraryCode/include_juce_audio_devices.mm; sourceTree = SOURCE_ROOT; };
		EE5BA4A152C5DE31BC11CCFC /* juce_audio_processors */ /* juce_audio_processors */ = {isa = PBXFileReference; lastKnownFileType = folder; name = juce_audio_processors; path = /Applications/JUCE/modules/juce_audio_processors; sourceTree = "<absolute>"; };
		F036DDDE687322AAA0166EE4 /* CoreAudioKit.framework */ /* CoreAudioKit.framework */ = {isa = PBXFileReference; lastKnownFileType = wrapper.framework; name = CoreAudioKit.framework; path = System/Library/Frameworks/CoreAudioKit.framework; sourceTree = SDKROOT; };
		F9BE18B6BC2BD74EBDC4DEF5 /* LogComponent.h */ /* LogComponent.h */ = {isa = PBXFileReference; lastKnownFileType = sourcecode.c.h; name = LogComponent.h; path = ../../Source/LogComponent.h; sourceTree = SOURCE_ROOT; };
		FA49936751DB2B17DC6AAE39 /* CoreAudio.framework */ /* CoreAudio.framework */ = {isa = PBXFileReference; lastKnownFileType = wrapper.framework; name = CoreAudio.framework; path = System/Library/Frameworks/CoreAudio.framework; sourceTree = SDKROOT; };
		FE5224E3CCEA254A0A784DB5 /* juce_dsp */ /* juce_dsp */ = {isa = PBXFileReference; lastKnownFileType = folder; name = juce_dsp; path = /Applications/JUCE/modules/juce_dsp; sourceTree = "<absolute>"; };
/* End PBXFileReference section */

/* Begin PBXFrameworksBuildPhase section */
		23B992F851926D5F1B0E5BFD = {
			isa = PBXFrameworksBuildPhase;
			buildActionMask = 2147483647;
			files = (
				28290C747EE023166AAFD2FF,
				B36F97E07283762F85C3A5C9,
				3D25E360BA91F53E3F5890A9,
				524D7941A459BC06AB1BA9F2,
				8EC10964C51D9B495783CA15,
				AC513707EB2A4C6130544DBF,
				2F537C6BB841F3EB0FFB4B0B,
				B111F7955DD2C41FC1F99DA5,
				1786A9E30D02F0FB96DF3C36,
				03B858FB4C2CE8E6EDE0E9A9,
				9160D6B0296F5C4607A7F57F,
				50A8DE99A4A7211D29F4CF89,
				BA07F263E3C242938969B894,
				593E85BB4D8A118EF0A4016A,
			);
			runOnlyForDeploymentPostprocessing = 0;
		};
		2B508E48621389F6049D1F50 = {
			isa = PBXFrameworksBuildPhase;
			buildActionMask = 2147483647;
			files = (
				28290C747EE023166AAFD2FF,
				B36F97E07283762F85C3A5C9,
				3D25E360BA91F53E3F5890A9,
				524D7941A459BC06AB1BA9F2,
				8EC10964C51D9B495783CA15,
				AC513707EB2A4C6130544DBF,
				2F537C6BB841F3EB0FFB4B0B,
				B111F7955DD2C41FC1F99DA5,
				1786A9E30D02F0FB96DF3C36,
				03B858FB4C2CE8E6EDE0E9A9,
				9160D6B0296F5C4607A7F57F,
				50A8DE99A4A7211D29F4CF89,
				BA07F263E3C242938969B894,
				593E85BB4D8A118EF0A4016A,
			);
			runOnlyForDeploymentPostprocessing = 0;
		};
		90FD5BC20969E952AA99D6A1 = {
			isa = PBXFrameworksBuildPhase;
			buildActionMask = 2147483647;
			files = (
				81A51A70610D74A9768ED3C8,
				28290C747EE023166AAFD2FF,
				B36F97E07283762F85C3A5C9,
				3D25E360BA91F53E3F5890A9,
				524D7941A459BC06AB1BA9F2,
				8EC10964C51D9B495783CA15,
				AC513707EB2A4C6130544DBF,
				2F537C6BB841F3EB0FFB4B0B,
				B111F7955DD2C41FC1F99DA5,
				1786A9E30D02F0FB96DF3C36,
				03B858FB4C2CE8E6EDE0E9A9,
				9160D6B0296F5C4607A7F57F,
				50A8DE99A4A7211D29F4CF89,
				BA07F263E3C242938969B894,
				593E85BB4D8A118EF0A4016A,
			);
			runOnlyForDeploymentPostprocessing = 0;
		};
		BEF351CAA7F18B6421214C0C = {
			isa = PBXFrameworksBuildPhase;
			buildActionMask = 2147483647;
			files = (
				28290C747EE023166AAFD2FF,
				B36F97E07283762F85C3A5C9,
				3D25E360BA91F53E3F5890A9,
				524D7941A459BC06AB1BA9F2,
				8EC10964C51D9B495783CA15,
				AC513707EB2A4C6130544DBF,
				2F537C6BB841F3EB0FFB4B0B,
				B111F7955DD2C41FC1F99DA5,
				1786A9E30D02F0FB96DF3C36,
				03B858FB4C2CE8E6EDE0E9A9,
				9160D6B0296F5C4607A7F57F,
				50A8DE99A4A7211D29F4CF89,
				BA07F263E3C242938969B894,
				593E85BB4D8A118EF0A4016A,
			);
			runOnlyForDeploymentPostprocessing = 0;
		};
/* End PBXFrameworksBuildPhase section */

/* Begin PBXGroup section */
		5748F94064888267649DAF86 /* Source */ = {
			isa = PBXGroup;
			children = (
				D508E0C7786CA75A447ACC0F,
				9D3FCF2CAD3D88AABAA0B2AD,
				A5CA0DA1AC716E2CA5508C4F,
				9CDD53D45ECAE75B2035B1D7,
				687075A2BD83495F1F1B60AD,
				67B0DCB266F28735E2D6A10B,
			);
			name = Source;
			sourceTree = "<group>";
		};
		67B0DCB266F28735E2D6A10B /* Products */ = {
			isa = PBXGroup;
			children = (
				AEE309B054024A4EEB01E1A8,
				A61EAF250004D5026C95D643,
				AD2398678AC34C0C654EFE44,
				1152F3B11166D1570CFC9AF5,
				17C655BCBE550AC386C7589A,
			);
			name = Products;
			sourceTree = "<group>";
		};
		687075A2BD83495F1F1B60AD /* Frameworks */ = {
			isa = PBXGroup;
			children = (
				82911F6E16A7032CA1BCE0AC,
				372B4A7E426EAF667BC052A8,
				706145C71EAC949972BC9DB8,
				09BAAA95B87FC65D5EE9CD51,
				FA49936751DB2B17DC6AAE39,
				F036DDDE687322AAA0166EE4,
				212AE6A0BC28239E4A3AB85D,
				6A9A36FB7C9F33554A86E7A5,
				4C4869280DDA32272A50470F,
				D4CAE9FCB3C46F595F30D579,
				20C49E661B2C2D9E53654C6E,
				9F579C50AC433299207704CB,
				CB62768135534D5F6C94F0BE,
				A1785F2BCA7D8F212B9AC7A9,
				92094977211ED7D801E17BF3,
			);
			name = Frameworks;
			sourceTree = "<group>";
		};
		6F40AF62233A23721A12E18A /* Source */ = {
			isa = PBXGroup;
			children = (
				E171E84472C77217074C17C3,
				C1E31F751CB944A355EF2828,
				D6C47D06ED1ABB418A6C9401,
				585E9D7D125918E9E2B1DA4F,
				9C639977156116312E958833,
				1C16E97326E94D7C0A19F25C,
				D33C4CC3FB229CD1BAF22424,
				F9BE18B6BC2BD74EBDC4DEF5,
				6E728B4D41FD93C75E815E2F,
				E1287764FA4004C9FDAF39F4,
			);
			name = Source;
			sourceTree = "<group>";
		};
		9CDD53D45ECAE75B2035B1D7 /* Resources */ = {
			isa = PBXGroup;
			children = (
				756C046F4431CA8DFFDE32A6,
				7062A2007FACBE9BEAE66440,
				3E49CCBD2CA322551CF61D19,
				B2EA7CFCA293A3F44007E5E4,
				E39B27A6AB418087EE4CA13A,
			);
			name = Resources;
			sourceTree = "<group>";
		};
		9D3FCF2CAD3D88AABAA0B2AD /* JUCE Modules */ = {
			isa = PBXGroup;
			children = (
				8669F2455CB595226BBF16C9,
				6C5EB2284006C0CF133CE70C,
				62355DE4F114B1A5F25C484B,
				4510CF5E7A219409054B3422,
				EE5BA4A152C5DE31BC11CCFC,
				81C7BA97596B119BCE6F81CC,
				E12585BE76BB5C56AE0F32FF,
				DC22D5089D1F2610AC274EBA,
				FE5224E3CCEA254A0A784DB5,
				AB51EE93C910BA7CADFAB335,
				050C95301A0AC31992A742B9,
				1B624B819799A7B842717326,
				3008FEB340EA50F4A6569D9E,
			);
			name = "JUCE Modules";
			sourceTree = "<group>";
		};
		A5CA0DA1AC716E2CA5508C4F /* JUCE Library Code */ = {
			isa = PBXGroup;
			children = (
				763AD5A82EAC51564D0895CB,
				994D99F4C20BBA33055E56A5,
				E83BCD3B83BF6D04F7444B61,
				E6332944D99A60A6FE26F1A3,
				3E5F98FE69C86485BBB11C61,
				0F128A6891750F7A33F7FDB2,
				43CAA11F83C05F9B26D95184,
				BD15308FB8F3E82A960914ED,
				89D6277F8D28B42F44DB72E3,
				6AAC2483278ACB6059B93AF6,
				4A4F68DB6852EF7F248B98A6,
				56B4D676F1178E912FCCB52E,
				3F26EB58955C1292A52CFF49,
				3AD00F77B00D9FB393688CE4,
				18001FAA5156F6DAAFFF4542,
				8CF6C91DFDBE0C3C2C8F36A4,
				59070BD5655FAE65CEF3AAAA,
				2B4530A6B5EF7FB8621B57DF,
				54A4C1BD55E46CC0AF86C9A0,
				1AD350EF38B28DBAD3156051,
				029F1471E579B4639F737AAE,
				C9B8A55320975AA115B1FED8,
				86B6041604A7CD6D67546E4D,
				13C13AC1B05A734601BE4B01,
				5126D33A9B18F15F4E28AAFA,
			);
			name = "JUCE Library Code";
			sourceTree = "<group>";
		};
		D508E0C7786CA75A447ACC0F /* SPLMeter */ = {
			isa = PBXGroup;
			children = (
				6F40AF62233A23721A12E18A,
			);
			name = SPLMeter;
			sourceTree = "<group>";
		};
/* End PBXGroup section */

/* Begin PBXNativeTarget section */
		0261A157CDD441DFB8B240A2 /* SPLMeter - VST3 Manifest Helper */ = {
			isa = PBXNativeTarget;
			buildConfigurationList = A13C98507D9C61B7A0323B7F;
			buildPhases = (
				8C95B70C6B811B592A7D8989,
				BEF351CAA7F18B6421214C0C,
			);
			buildRules = (
			);
			dependencies = (
			);
			name = "SPLMeter - VST3 Manifest Helper";
			productName = SPLMeter;
			productReference = 17C655BCBE550AC386C7589A;
			productType = "com.apple.product-type.tool";
		};
		395E5CF8DECE5605FE4FC39B /* SPLMeter - AU */ = {
			isa = PBXNativeTarget;
			buildConfigurationList = 63C5075BE4AC2180D4E3E4DF;
			buildPhases = (
				7A6B8DF24681F5B2EB1A7FC5,
				DE35324B93A182384ED5521A,
				90FD5BC20969E952AA99D6A1,
				6F31A1C32F0EB0E8C1E9FA15,
			);
			buildRules = (
			);
			dependencies = (
				AE0F21FBCE0FC7F50A8DA6D8,
			);
			name = "SPLMeter - AU";
			productName = SPLMeter;
			productReference = A61EAF250004D5026C95D643;
			productType = "com.apple.product-type.bundle";
		};
		DEA7E1537EA83770E711E05F /* SPLMeter - VST3 */ = {
			isa = PBXNativeTarget;
			buildConfigurationList = C59A38ECF010BCAF0336CA61;
			buildPhases = (
				51543BEBE76ACAA034BE504C,
				373768EBB52BAE181244D6DD,
				23B992F851926D5F1B0E5BFD,
				6EE63BE49EC549D45F89278B,
				DC48A9095C069A54270AEB1A,
			);
			buildRules = (
			);
			dependencies = (
				422CFDE823D132A93BCB4C51,
				7A4CE7581CF5D4B7C3DF00D0,
			);
			name = "SPLMeter - VST3";
			productName = SPLMeter;
			productReference = AEE309B054024A4EEB01E1A8;
			productType = "com.apple.product-type.bundle";
		};
		F80D2A7AA3F4688B11FF3A24 /* SPLMeter - Shared Code */ = {
			isa = PBXNativeTarget;
			buildConfigurationList = 339CB794316B31E33E34E4E1;
			buildPhases = (
				48CD11CBB834DF4528400E87,
			);
			buildRules = (
			);
			dependencies = (
			);
			name = "SPLMeter - Shared Code";
			productName = SPLMeter;
			productReference = 1152F3B11166D1570CFC9AF5;
			productType = "com.apple.product-type.library.static";
		};
		FB656A58EF7D2E2D01EC3503 /* SPLMeter - Standalone Plugin */ = {
			isa = PBXNativeTarget;
			buildConfigurationList = AB2F17F6A949E41ADC3520A3;
			buildPhases = (
				E440BC88AD41606DBD50AC58,
				72DCEAFC96369B298E8ADB70,
				2B508E48621389F6049D1F50,
			);
			buildRules = (
			);
			dependencies = (
				F29D4B55437BD0B17D7DEAEB,
			);
			name = "SPLMeter - Standalone Plugin";
			productName = SPLMeter;
			productReference = AD2398678AC34C0C654EFE44;
			productType = "com.apple.product-type.application";
		};
/* End PBXNativeTarget section */

/* Begin PBXProject section */
		D5881CD87174DC0EABB74FF6 = {
			isa = PBXProject;
			attributes = {
				BuildIndependentTargetsInParallel = YES;
				LastUpgradeCheck = 1340;
				ORGANIZATIONNAME = "Philipp Paul Klose Audio Engineering";
				TargetAttributes = {
					0261A157CDD441DFB8B240A2 = {
						SystemCapabilities = {
							com.apple.ApplicationGroups.iOS = {
								enabled = 0;
							};
							com.apple.HardenedRuntime = {
								enabled = 0;
							};
							com.apple.InAppPurchase = {
								enabled = 0;
							};
							com.apple.InterAppAudio = {
								enabled = 0;
							};
							com.apple.Push = {
								enabled = 0;
							};
							com.apple.Sandbox = {
								enabled = 0;
							};
						};
					};
					1C3C37B66D2E1CABBAE8C962 = {
						SystemCapabilities = {
							com.apple.ApplicationGroups.iOS = {
								enabled = 0;
							};
							com.apple.HardenedRuntime = {
								enabled = 0;
							};
							com.apple.InAppPurchase = {
								enabled = 0;
							};
							com.apple.InterAppAudio = {
								enabled = 0;
							};
							com.apple.Push = {
								enabled = 0;
							};
							com.apple.Sandbox = {
								enabled = 0;
							};
						};
					};
					395E5CF8DECE5605FE4FC39B = {
						SystemCapabilities = {
							com.apple.ApplicationGroups.iOS = {
								enabled = 0;
							};
							com.apple.HardenedRuntime = {
								enabled = 0;
							};
							com.apple.InAppPurchase = {
								enabled = 0;
							};
							com.apple.InterAppAudio = {
								enabled = 0;
							};
							com.apple.Push = {
								enabled = 0;
							};
							com.apple.Sandbox = {
								enabled = 0;
							};
						};
					};
					DEA7E1537EA83770E711E05F = {
						SystemCapabilities = {
							com.apple.ApplicationGroups.iOS = {
								enabled = 0;
							};
							com.apple.HardenedRuntime = {
								enabled = 0;
							};
							com.apple.InAppPurchase = {
								enabled = 0;
							};
							com.apple.InterAppAudio = {
								enabled = 0;
							};
							com.apple.Push = {
								enabled = 0;
							};
							com.apple.Sandbox = {
								enabled = 0;
							};
						};
					};
					F80D2A7AA3F4688B11FF3A24 = {
						SystemCapabilities = {
							com.apple.ApplicationGroups.iOS = {
								enabled = 0;
							};
							com.apple.HardenedRuntime = {
								enabled = 0;
							};
							com.apple.InAppPurchase = {
								enabled = 0;
							};
							com.apple.InterAppAudio = {
								enabled = 0;
							};
							com.apple.Push = {
								enabled = 0;
							};
							com.apple.Sandbox = {
								enabled = 0;
							};
						};
					};
					FB656A58EF7D2E2D01EC3503 = {
						SystemCapabilities = {
							com.apple.ApplicationGroups.iOS = {
								enabled = 0;
							};
							com.apple.HardenedRuntime = {
								enabled = 0;
							};
							com.apple.InAppPurchase = {
								enabled = 0;
							};
							com.apple.InterAppAudio = {
								enabled = 0;
							};
							com.apple.Push = {
								enabled = 0;
							};
							com.apple.Sandbox = {
								enabled = 0;
							};
						};
					};
				};
			};
			buildConfigurationList = D238A63D58280D585174BC8E;
			compatibilityVersion = "Xcode 3.2";
			hasScannedForEncodings = 0;
			knownRegions = (
				en,
				Base,
			);
			mainGroup = 5748F94064888267649DAF86;
			projectDirPath = "";
			projectRoot = "";
			targets = (
				1C3C37B66D2E1CABBAE8C962,
				DEA7E1537EA83770E711E05F,
				395E5CF8DECE5605FE4FC39B,
				FB656A58EF7D2E2D01EC3503,
				F80D2A7AA3F4688B11FF3A24,
				0261A157CDD441DFB8B240A2,
			);
		};
/* End PBXProject section */

/* Begin PBXResourcesBuildPhase section */
		51543BEBE76ACAA034BE504C = {
			isa = PBXResourcesBuildPhase;
			buildActionMask = 2147483647;
			files = (
				4519F641966ACD0A2FA6A1D6,
			);
			runOnlyForDeploymentPostprocessing = 0;
		};
		7A6B8DF24681F5B2EB1A7FC5 = {
			isa = PBXResourcesBuildPhase;
			buildActionMask = 2147483647;
			files = (
				4519F641966ACD0A2FA6A1D6,
			);
			runOnlyForDeploymentPostprocessing = 0;
		};
		E440BC88AD41606DBD50AC58 = {
			isa = PBXResourcesBuildPhase;
			buildActionMask = 2147483647;
			files = (
				4519F641966ACD0A2FA6A1D6,
			);
			runOnlyForDeploymentPostprocessing = 0;
		};
/* End PBXResourcesBuildPhase section */

/* Begin PBXShellScriptBuildPhase section */
		6EE63BE49EC549D45F89278B /* Update manifest */ = {
			isa = PBXShellScriptBuildPhase;
			buildActionMask = 2147483647;
			files = (
			);
			runOnlyForDeploymentPostprocessing = 0;
			name = "Update manifest";
			alwaysOutOfDate = 1;
			shellPath = /bin/sh;
			shellScript = "xattr -cr \"${CONFIGURATION_BUILD_DIR}/${WRAPPER_NAME}\"\n\nset -euo pipefail\n\necho Running codesign --verbose=4 --force --sign - \\\"${CONFIGURATION_BUILD_DIR}/${WRAPPER_NAME}\\\"\ncodesign --verbose=4 --force --sign - \"${CONFIGURATION_BUILD_DIR}/${WRAPPER_NAME}\"\n\necho Running \\\"${CONFIGURATION_BUILD_DIR}/juce_vst3_helper\\\" -create -version \\\"1.1.0\\\" -path \\\"${CONFIGURATION_BUILD_DIR}/${WRAPPER_NAME}\\\" -output \\\"${CONFIGURATION_BUILD_DIR}/${WRAPPER_NAME}/Contents/Resources/moduleinfo.json\\\"\n\"${CONFIGURATION_BUILD_DIR}/juce_vst3_helper\" -create -version \"1.6.0\" -path \"${CONFIGURATION_BUILD_DIR}/${WRAPPER_NAME}\" -output \"${CONFIGURATION_BUILD_DIR}/${WRAPPER_NAME}/Contents/Resources/moduleinfo.json\"\n";
		};
		6F31A1C32F0EB0E8C1E9FA15 /* Plugin Copy Step */ = {
			isa = PBXShellScriptBuildPhase;
			buildActionMask = 2147483647;
			files = (
			);
			runOnlyForDeploymentPostprocessing = 0;
			name = "Plugin Copy Step";
			alwaysOutOfDate = 1;
			shellPath = /bin/sh;
			shellScript = "set -euo pipefail\n\nif [[ \"${CONFIGURATION}\" == \"Debug\" ]]; then\n  destinationPlugin=\"${HOME}/Library/Audio/Plug-Ins/Components//$(basename \"${TARGET_BUILD_DIR}/${WRAPPER_NAME}\")\"\n  echo Running rm -rf \\\"${destinationPlugin}\\\"\n  rm -rf \"${destinationPlugin}\"\n  echo Running ditto \\\"${TARGET_BUILD_DIR}/${WRAPPER_NAME}\\\" \\\"${destinationPlugin}\\\"\n  ditto \"${TARGET_BUILD_DIR}/${WRAPPER_NAME}\" \"${destinationPlugin}\"\n\n  if [[ -n \"${EXPANDED_CODE_SIGN_IDENTITY-}\" ]]; then\n    if [[ -n \"${CODE_SIGN_ENTITLEMENTS-}\" ]]; then\n      entitlementsArg=(--entitlements \"${CODE_SIGN_ENTITLEMENTS}\")\n    fi\n\n    echo Signing Identity: \\\"${EXPANDED_CODE_SIGN_IDENTITY_NAME}\\\"\n    echo Running codesign --verbose=4 --force --sign \\\"${EXPANDED_CODE_SIGN_IDENTITY}\\\" ${entitlementsArg[*]-} ${OTHER_CODE_SIGN_FLAGS-} \\\"${HOME}/Library/Audio/Plug-Ins/Components//${WRAPPER_NAME}\\\"\n    codesign --verbose=4 --force --sign \"${EXPANDED_CODE_SIGN_IDENTITY}\" ${entitlementsArg[*]-} ${OTHER_CODE_SIGN_FLAGS-} \"${HOME}/Library/Audio/Plug-Ins/Components//${WRAPPER_NAME}\"\n  fi\nfi\n\nif [[ \"${CONFIGURATION}\" == \"Release\" ]]; then\n  destinationPlugin=\"${HOME}/Library/Audio/Plug-Ins/Components//$(basename \"${TARGET_BUILD_DIR}/${WRAPPER_NAME}\")\"\n  echo Running rm -rf \\\"${destinationPlugin}\\\"\n  rm -rf \"${destinationPlugin}\"\n  echo Running ditto \\\"${TARGET_BUILD_DIR}/${WRAPPER_NAME}\\\" \\\"${destinationPlugin}\\\"\n  ditto \"${TARGET_BUILD_DIR}/${WRAPPER_NAME}\" \"${destinationPlugin}\"\n\n  if [[ -n \"${EXPANDED_CODE_SIGN_IDENTITY-}\" ]]; then\n    if [[ -n \"${CODE_SIGN_ENTITLEMENTS-}\" ]]; then\n      entitlementsArg=(--entitlements \"${CODE_SIGN_ENTITLEMENTS}\")\n    fi\n\n    echo Signing Identity: \\\"${EXPANDED_CODE_SIGN_IDENTITY_NAME}\\\"\n    echo Running codesign --verbose=4 --force --sign \\\"${EXPANDED_CODE_SIGN_IDENTITY}\\\" ${entitlementsArg[*]-} ${OTHER_CODE_SIGN_FLAGS-} \\\"${HOME}/Library/Audio/Plug-Ins/Components//${WRAPPER_NAME}\\\"\n    codesign --verbose=4 --force --sign \"${EXPANDED_CODE_SIGN_IDENTITY}\" ${entitlementsArg[*]-} ${OTHER_CODE_SIGN_FLAGS-} \"${HOME}/Library/Audio/Plug-Ins/Components//${WRAPPER_NAME}\"\n  fi\nfi\n";
		};
		DC48A9095C069A54270AEB1A /* Plugin Copy Step */ = {
			isa = PBXShellScriptBuildPhase;
			buildActionMask = 2147483647;
			files = (
			);
			runOnlyForDeploymentPostprocessing = 0;
			name = "Plugin Copy Step";
			alwaysOutOfDate = 1;
			shellPath = /bin/sh;
			shellScript = "set -euo pipefail\n\nif [[ \"${CONFIGURATION}\" == \"Debug\" ]]; then\n  destinationPlugin=\"${HOME}/Library/Audio/Plug-Ins/VST3//$(basename \"${TARGET_BUILD_DIR}/${WRAPPER_NAME}\")\"\n  echo Running rm -rf \\\"${destinationPlugin}\\\"\n  rm -rf \"${destinationPlugin}\"\n  echo Running ditto \\\"${TARGET_BUILD_DIR}/${WRAPPER_NAME}\\\" \\\"${destinationPlugin}\\\"\n  ditto \"${TARGET_BUILD_DIR}/${WRAPPER_NAME}\" \"${destinationPlugin}\"\n\n  if [[ -n \"${EXPANDED_CODE_SIGN_IDENTITY-}\" ]]; then\n    if [[ -n \"${CODE_SIGN_ENTITLEMENTS-}\" ]]; then\n      entitlementsArg=(--entitlements \"${CODE_SIGN_ENTITLEMENTS}\")\n    fi\n\n    echo Signing Identity: \\\"${EXPANDED_CODE_SIGN_IDENTITY_NAME}\\\"\n    echo Running codesign --verbose=4 --force --sign \\\"${EXPANDED_CODE_SIGN_IDENTITY}\\\" ${entitlementsArg[*]-} ${OTHER_CODE_SIGN_FLAGS-} \\\"${HOME}/Library/Audio/Plug-Ins/VST3//${WRAPPER_NAME}\\\"\n    codesign --verbose=4 --force --sign \"${EXPANDED_CODE_SIGN_IDENTITY}\" ${entitlementsArg[*]-} ${OTHER_CODE_SIGN_FLAGS-} \"${HOME}/Library/Audio/Plug-Ins/VST3//${WRAPPER_NAME}\"\n  fi\nfi\n\nif [[ \"${CONFIGURATION}\" == \"Release\" ]]; then\n  destinationPlugin=\"${HOME}/Library/Audio/Plug-Ins/VST3//$(basename \"${TARGET_BUILD_DIR}/${WRAPPER_NAME}\")\"\n  echo Running rm -rf \\\"${destinationPlugin}\\\"\n  rm -rf \"${destinationPlugin}\"\n  echo Running ditto \\\"${TARGET_BUILD_DIR}/${WRAPPER_NAME}\\\" \\\"${destinationPlugin}\\\"\n  ditto \"${TARGET_BUILD_DIR}/${WRAPPER_NAME}\" \"${destinationPlugin}\"\n\n  if [[ -n \"${EXPANDED_CODE_SIGN_IDENTITY-}\" ]]; then\n    if [[ -n \"${CODE_SIGN_ENTITLEMENTS-}\" ]]; then\n      entitlementsArg=(--entitlements \"${CODE_SIGN_ENTITLEMENTS}\")\n    fi\n\n    echo Signing Identity: \\\"${EXPANDED_CODE_SIGN_IDENTITY_NAME}\\\"\n    echo Running codesign --verbose=4 --force --sign \\\"${EXPANDED_CODE_SIGN_IDENTITY}\\\" ${entitlementsArg[*]-} ${OTHER_CODE_SIGN_FLAGS-} \\\"${HOME}/Library/Audio/Plug-Ins/VST3//${WRAPPER_NAME}\\\"\n    codesign --verbose=4 --force --sign \"${EXPANDED_CODE_SIGN_IDENTITY}\" ${entitlementsArg[*]-} ${OTHER_CODE_SIGN_FLAGS-} \"${HOME}/Library/Audio/Plug-Ins/VST3//${WRAPPER_NAME}\"\n  fi\nfi\n";
		};
/* End PBXShellScriptBuildPhase section */

/* Begin PBXSourcesBuildPhase section */
		373768EBB52BAE181244D6DD = {
			isa = PBXSourcesBuildPhase;
			buildActionMask = 2147483647;
			files = (
				1FA0D9FD07B451822B1E9B0A,
			);
			runOnlyForDeploymentPostprocessing = 0;
		};
		48CD11CBB834DF4528400E87 = {
			isa = PBXSourcesBuildPhase;
			buildActionMask = 2147483647;
			files = (
				A851F6A71B9B3351CFF2CED9,
				D7D54863215E5EE3F544F370,
				6AFEA44AC0332156CB11DFB8,
				1CC2860079411D24F864F7DD,
				1FFFA7D1DA59D8C6FBF4DE2C,
				18E8420E34E10FC12F0E4892,
				500AC6EBA1E21255177EAF42,
				B5A58D48034B93145F46DCB5,
				97272F531D040F4A7DE88B74,
				C82D205B0BAF6A5219631825,
				2DD14DFEE23F33163077194C,
				916CBA4AA314A7A2F91F529E,
				1EF2F9C6C090FF75CE346BD0,
				05FB99ABDAC8CFC03AD02C13,
				91F9ABD831B61BCF06F86293,
				DA0D9D95CD1AEE75B523F674,
				A16E1BA11E385D923D887E1A,
				43E11470E6C39D7144CA4A20,
				FAB4749B324F8A1A5D9E2DED,
				A01E075023B79C97027B1B7D,
				913F1C8C198352580E97CD75,
				B61E67E5CC2874353FDA688C,
			);
			runOnlyForDeploymentPostprocessing = 0;
		};
		72DCEAFC96369B298E8ADB70 = {
			isa = PBXSourcesBuildPhase;
			buildActionMask = 2147483647;
			files = (
				75EC0ED0FC25DCE1EE7F9351,
			);
			runOnlyForDeploymentPostprocessing = 0;
		};
		8C95B70C6B811B592A7D8989 = {
			isa = PBXSourcesBuildPhase;
			buildActionMask = 2147483647;
			files = (
				08075C121DF380AF3D5B7C09,
			);
			runOnlyForDeploymentPostprocessing = 0;
		};
		DE35324B93A182384ED5521A = {
			isa = PBXSourcesBuildPhase;
			buildActionMask = 2147483647;
			files = (
				670AD918311E706731C9863C,
				DCE173AE7056DDB0E7881903,
			);
			runOnlyForDeploymentPostprocessing = 0;
		};
/* End PBXSourcesBuildPhase section */

/* Begin PBXTargetDependency section */
		422CFDE823D132A93BCB4C51 = {
			isa = PBXTargetDependency;
			target = F80D2A7AA3F4688B11FF3A24;
		};
		7A4CE7581CF5D4B7C3DF00D0 = {
			isa = PBXTargetDependency;
			target = 0261A157CDD441DFB8B240A2;
		};
		A39BAEE5B91976D35E6BFA79 = {
			isa = PBXTargetDependency;
			target = 395E5CF8DECE5605FE4FC39B;
		};
		AE0F21FBCE0FC7F50A8DA6D8 = {
			isa = PBXTargetDependency;
			target = F80D2A7AA3F4688B11FF3A24;
		};
		C61AD6810917E282C550037D = {
			isa = PBXTargetDependency;
			target = F80D2A7AA3F4688B11FF3A24;
		};
		D003D1C993AF423F8344B8BA = {
			isa = PBXTargetDependency;
			target = DEA7E1537EA83770E711E05F;
		};
		DB0AFED2FA1F244A182093A1 = {
			isa = PBXTargetDependency;
			target = 0261A157CDD441DFB8B240A2;
		};
		E5893B221936D4F1A2836D7F = {
			isa = PBXTargetDependency;
			target = FB656A58EF7D2E2D01EC3503;
		};
		F29D4B55437BD0B17D7DEAEB = {
			isa = PBXTargetDependency;
			target = F80D2A7AA3F4688B11FF3A24;
		};
/* End PBXTargetDependency section */

/* Begin XCBuildConfiguration section */
		2066EAB76B479D43CBE9B50C /* Debug */ = {
			isa = XCBuildConfiguration;
			buildSettings = {
				ALWAYS_SEARCH_USER_PATHS = NO;
				CLANG_ENABLE_OBJC_WEAK = YES;
				CLANG_WARN_BLOCK_CAPTURE_AUTORELEASING = YES;
				CLANG_WARN_BOOL_CONVERSION = YES;
				CLANG_WARN_COMMA = YES;
				CLANG_WARN_CONSTANT_CONVERSION = YES;
				CLANG_WARN_DEPRECATED_OBJC_IMPLEMENTATIONS = YES;
				CLANG_WARN_EMPTY_BODY = YES;
				CLANG_WARN_ENUM_CONVERSION = YES;
				CLANG_WARN_INFINITE_RECURSION = YES;
				CLANG_WARN_INT_CONVERSION = YES;
				CLANG_WARN_NON_LITERAL_NULL_CONVERSION = YES;
				CLANG_WARN_OBJC_IMPLICIT_RETAIN_SELF = YES;
				CLANG_WARN_OBJC_LITERAL_CONVERSION = YES;
				CLANG_WARN_RANGE_LOOP_ANALYSIS = YES;
				CLANG_WARN_STRICT_PROTOTYPES = YES;
				CLANG_WARN_SUSPICIOUS_MOVE = YES;
				CLANG_WARN_UNREACHABLE_CODE = YES;
				CLANG_WARN__DUPLICATE_METHOD_MATCH = YES;
				DEBUG_INFORMATION_FORMAT = dwarf;
				ENABLE_STRICT_OBJC_MSGSEND = YES;
				ENABLE_TESTABILITY = NO;
				GCC_C_LANGUAGE_STANDARD = c11;
				GCC_INLINES_ARE_PRIVATE_EXTERN = YES;
				GCC_MODEL_TUNING = G5;
				GCC_NO_COMMON_BLOCKS = YES;
				GCC_SYMBOLS_PRIVATE_EXTERN = YES;
				GCC_WARN_64_TO_32_BIT_CONVERSION = YES;
				GCC_WARN_ABOUT_RETURN_TYPE = YES;
				GCC_WARN_CHECK_SWITCH_STATEMENTS = YES;
				GCC_WARN_MISSING_PARENTHESES = YES;
				GCC_WARN_NON_VIRTUAL_DESTRUCTOR = YES;
				GCC_WARN_TYPECHECK_CALLS_TO_PRINTF = YES;
				GCC_WARN_UNDECLARED_SELECTOR = YES;
				GCC_WARN_UNINITIALIZED_AUTOS = YES;
				GCC_WARN_UNUSED_FUNCTION = YES;
				GCC_WARN_UNUSED_VARIABLE = YES;
				ONLY_ACTIVE_ARCH = YES;
				OTHER_CODE_SIGN_FLAGS = --timestamp;
				PRODUCT_NAME = "SPLMeter";
				SDKROOT = macosx;
				WARNING_CFLAGS = "-Wreorder";
				ZERO_LINK = NO;
			};
			name = Debug;
		};
		3F29D6C364F3D72892BED228 /* Debug */ = {
			isa = XCBuildConfiguration;
			buildSettings = {
				CLANG_CXX_LANGUAGE_STANDARD = "c++17";
				CLANG_CXX_LIBRARY = "libc++";
				CLANG_LINK_OBJC_RUNTIME = NO;
				COMBINE_HIDPI_IMAGES = YES;
				CONFIGURATION_BUILD_DIR = "$(PROJECT_DIR)/build/$(CONFIGURATION)";
				COPY_PHASE_STRIP = NO;
				EXCLUDED_ARCHS = "";
				GCC_DYNAMIC_NO_PIC = NO;
				GCC_OPTIMIZATION_LEVEL = 0;
				GCC_PREPROCESSOR_DEFINITIONS = (
					"_DEBUG=1",
					"DEBUG=1",
					"JUCER_XCODE_MAC_F6D2F4CF=1",
					"JUCE_APP_VERSION=1.6.0",
					"JUCE_APP_VERSION_HEX=0x10600",
					"JucePlugin_Build_VST=0",
					"JucePlugin_Build_VST3=0",
					"JucePlugin_Build_AU=0",
					"JucePlugin_Build_AUv3=0",
					"JucePlugin_Build_AAX=0",
					"JucePlugin_Build_Standalone=0",
					"JucePlugin_Build_Unity=0",
					"JucePlugin_Build_LV2=0",
				);
				GCC_VERSION = com.apple.compilers.llvm.clang.1_0;
				HEADER_SEARCH_PATHS = (
					"/Applications/JUCE/modules/juce_audio_processors/format_types/VST3_SDK",
					"$(SRCROOT)/../../JuceLibraryCode",
					"/Applications/JUCE/modules",
					"/Applications/JUCE/modules/juce_audio_plugin_client/AU",
					"$(inherited)",
				);
				INFOPLIST_FILE = Info-VST3_Manifest_Helper.plist;
				INFOPLIST_PREPROCESS = NO;
				MACOSX_DEPLOYMENT_TARGET = 10.13;
				MTL_HEADER_SEARCH_PATHS = "/Applications/JUCE/modules/juce_audio_processors/format_types/VST3_SDK $(SRCROOT)/../../JuceLibraryCode /Applications/JUCE/modules /Applications/JUCE/modules/juce_audio_plugin_client/AU";
				PRODUCT_BUNDLE_IDENTIFIER = com.PhilippPaulKloseAudioEngineering.SPLMeter;
				PRODUCT_NAME = "juce_vst3_helper";
				USE_HEADERMAP = NO;
				VALID_ARCHS = "i386 x86_64 arm64 arm64e";
			};
			name = Debug;
		};
		45E8CE299F7882274CD01B2B /* Debug */ = {
			isa = XCBuildConfiguration;
			buildSettings = {
				CLANG_CXX_LANGUAGE_STANDARD = "c++17";
				CLANG_CXX_LIBRARY = "libc++";
				CLANG_LINK_OBJC_RUNTIME = NO;
				COMBINE_HIDPI_IMAGES = YES;
				CONFIGURATION_BUILD_DIR = "$(PROJECT_DIR)/build/$(CONFIGURATION)";
				COPY_PHASE_STRIP = NO;
				EXCLUDED_ARCHS = "";
				GCC_DYNAMIC_NO_PIC = NO;
				GCC_OPTIMIZATION_LEVEL = 0;
				GCC_PREPROCESSOR_DEFINITIONS = (
					"_DEBUG=1",
					"DEBUG=1",
					"JUCER_XCODE_MAC_F6D2F4CF=1",
					"JUCE_APP_VERSION=1.6.0",
					"JUCE_APP_VERSION_HEX=0x10600",
					"JucePlugin_Build_VST=0",
					"JucePlugin_Build_VST3=0",
					"JucePlugin_Build_AU=0",
					"JucePlugin_Build_AUv3=0",
					"JucePlugin_Build_AAX=0",
					"JucePlugin_Build_Standalone=1",
					"JucePlugin_Build_Unity=0",
					"JucePlugin_Build_LV2=0",
				);
				GCC_VERSION = com.apple.compilers.llvm.clang.1_0;
				HEADER_SEARCH_PATHS = (
					"/Applications/JUCE/modules/juce_audio_processors/format_types/VST3_SDK",
					"$(SRCROOT)/../../JuceLibraryCode",
					"/Applications/JUCE/modules",
					"/Applications/JUCE/modules/juce_audio_plugin_client/AU",
					"$(inherited)",
				);
				INFOPLIST_FILE = Info-Standalone_Plugin.plist;
				INFOPLIST_PREPROCESS = NO;
				MACOSX_DEPLOYMENT_TARGET = 10.13;
				MTL_HEADER_SEARCH_PATHS = "/Applications/JUCE/modules/juce_audio_processors/format_types/VST3_SDK $(SRCROOT)/../../JuceLibraryCode /Applications/JUCE/modules /Applications/JUCE/modules/juce_audio_plugin_client/AU";
				OTHER_LDFLAGS = "-lSPLMeter";
				PRODUCT_BUNDLE_IDENTIFIER = com.PhilippPaulKloseAudioEngineering.SPLMeter;
				PRODUCT_NAME = "SPLMeter";
				USE_HEADERMAP = NO;
				VALID_ARCHS = "i386 x86_64 arm64 arm64e";
			};
			name = Debug;
		};
		4E413EE587AC8366B9C049DF /* Release */ = {
			isa = XCBuildConfiguration;
			buildSettings = {
				CLANG_CXX_LANGUAGE_STANDARD = "c++17";
				CLANG_CXX_LIBRARY = "libc++";
				CLANG_LINK_OBJC_RUNTIME = NO;
				COMBINE_HIDPI_IMAGES = YES;
				CONFIGURATION_BUILD_DIR = "$(PROJECT_DIR)/build/$(CONFIGURATION)";
				DEAD_CODE_STRIPPING = YES;
				EXCLUDED_ARCHS = "";
				GCC_GENERATE_DEBUGGING_SYMBOLS = NO;
				GCC_OPTIMIZATION_LEVEL = 3;
				GCC_PREPROCESSOR_DEFINITIONS = (
					"_NDEBUG=1",
					"NDEBUG=1",
					"JUCER_XCODE_MAC_F6D2F4CF=1",
					"JUCE_APP_VERSION=1.6.0",
					"JUCE_APP_VERSION_HEX=0x10600",
					"JucePlugin_Build_VST=0",
					"JucePlugin_Build_VST3=0",
					"JucePlugin_Build_AU=0",
					"JucePlugin_Build_AUv3=0",
					"JucePlugin_Build_AAX=0",
					"JucePlugin_Build_Standalone=1",
					"JucePlugin_Build_Unity=0",
					"JucePlugin_Build_LV2=0",
				);
				GCC_VERSION = com.apple.compilers.llvm.clang.1_0;
				HEADER_SEARCH_PATHS = (
					"/Applications/JUCE/modules/juce_audio_processors/format_types/VST3_SDK",
					"$(SRCROOT)/../../JuceLibraryCode",
					"/Applications/JUCE/modules",
					"/Applications/JUCE/modules/juce_audio_plugin_client/AU",
					"$(inherited)",
				);
				INFOPLIST_FILE = Info-Standalone_Plugin.plist;
				INFOPLIST_PREPROCESS = NO;
				LLVM_LTO = YES;
				MACOSX_DEPLOYMENT_TARGET = 10.13;
				MTL_HEADER_SEARCH_PATHS = "/Applications/JUCE/modules/juce_audio_processors/format_types/VST3_SDK $(SRCROOT)/../../JuceLibraryCode /Applications/JUCE/modules /Applications/JUCE/modules/juce_audio_plugin_client/AU";
				OTHER_LDFLAGS = "-lSPLMeter";
				PRODUCT_BUNDLE_IDENTIFIER = com.PhilippPaulKloseAudioEngineering.SPLMeter;
				PRODUCT_NAME = "SPLMeter";
				USE_HEADERMAP = NO;
				VALID_ARCHS = "i386 x86_64 arm64 arm64e";
			};
			name = Release;
		};
		630CDEB0E8E2A2CDB917BA25 /* Release */ = {
			isa = XCBuildConfiguration;
			buildSettings = {
				MACOSX_DEPLOYMENT_TARGET = 10.13;
				SDKROOT = macosx;
			};
			name = Release;
		};
		6CB23261FD7F748B65ED82E0 /* Debug */ = {
			isa = XCBuildConfiguration;
			buildSettings = {
				CLANG_CXX_LANGUAGE_STANDARD = "c++17";
				CLANG_CXX_LIBRARY = "libc++";
				CLANG_LINK_OBJC_RUNTIME = NO;
				COMBINE_HIDPI_IMAGES = YES;
				CONFIGURATION_BUILD_DIR = "$(PROJECT_DIR)/build/$(CONFIGURATION)";
				COPY_PHASE_STRIP = NO;
				EXCLUDED_ARCHS = "";
				GCC_DYNAMIC_NO_PIC = NO;
				GCC_OPTIMIZATION_LEVEL = 0;
				GCC_PREPROCESSOR_DEFINITIONS = (
					"_DEBUG=1",
					"DEBUG=1",
					"JUCER_XCODE_MAC_F6D2F4CF=1",
					"JUCE_APP_VERSION=1.6.0",
					"JUCE_APP_VERSION_HEX=0x10600",
					"JucePlugin_Build_VST=0",
					"JucePlugin_Build_VST3=1",
					"JucePlugin_Build_AU=0",
					"JucePlugin_Build_AUv3=0",
					"JucePlugin_Build_AAX=0",
					"JucePlugin_Build_Standalone=0",
					"JucePlugin_Build_Unity=0",
					"JucePlugin_Build_LV2=0",
				);
				GCC_VERSION = com.apple.compilers.llvm.clang.1_0;
				GENERATE_PKGINFO_FILE = YES;
				HEADER_SEARCH_PATHS = (
					"/Applications/JUCE/modules/juce_audio_processors/format_types/VST3_SDK",
					"$(SRCROOT)/../../JuceLibraryCode",
					"/Applications/JUCE/modules",
					"/Applications/JUCE/modules/juce_audio_plugin_client/AU",
					"$(inherited)",
				);
				INFOPLIST_FILE = Info-VST3.plist;
				INFOPLIST_PREPROCESS = NO;
				INSTALL_PATH = "$(HOME)/Library/Audio/Plug-Ins/VST3/";
				LIBRARY_STYLE = Bundle;
				MACOSX_DEPLOYMENT_TARGET = 10.13;
				MTL_HEADER_SEARCH_PATHS = "/Applications/JUCE/modules/juce_audio_processors/format_types/VST3_SDK $(SRCROOT)/../../JuceLibraryCode /Applications/JUCE/modules /Applications/JUCE/modules/juce_audio_plugin_client/AU";
				OTHER_LDFLAGS = "-bundle -lSPLMeter";
				PRODUCT_BUNDLE_IDENTIFIER = com.PhilippPaulKloseAudioEngineering.SPLMeter;
				PRODUCT_NAME = "SPLMeter";
				USE_HEADERMAP = NO;
				VALID_ARCHS = "i386 x86_64 arm64 arm64e";
				WRAPPER_EXTENSION = vst3;
			};
			name = Debug;
		};
		7149E85016F8525EFE6F48CD /* Release */ = {
			isa = XCBuildConfiguration;
			buildSettings = {
				CLANG_CXX_LANGUAGE_STANDARD = "c++17";
				CLANG_CXX_LIBRARY = "libc++";
				CLANG_LINK_OBJC_RUNTIME = NO;
				COMBINE_HIDPI_IMAGES = YES;
				CONFIGURATION_BUILD_DIR = "$(PROJECT_DIR)/build/$(CONFIGURATION)";
				DEAD_CODE_STRIPPING = YES;
				EXCLUDED_ARCHS = "";
				GCC_GENERATE_DEBUGGING_SYMBOLS = NO;
				GCC_OPTIMIZATION_LEVEL = 3;
				GCC_PREPROCESSOR_DEFINITIONS = (
					"_NDEBUG=1",
					"NDEBUG=1",
					"JUCER_XCODE_MAC_F6D2F4CF=1",
					"JUCE_APP_VERSION=1.6.0",
					"JUCE_APP_VERSION_HEX=0x10600",
					"JucePlugin_Build_VST=0",
					"JucePlugin_Build_VST3=0",
					"JucePlugin_Build_AU=0",
					"JucePlugin_Build_AUv3=0",
					"JucePlugin_Build_AAX=0",
					"JucePlugin_Build_Standalone=0",
					"JucePlugin_Build_Unity=0",
					"JucePlugin_Build_LV2=0",
				);
				GCC_VERSION = com.apple.compilers.llvm.clang.1_0;
				HEADER_SEARCH_PATHS = (
					"/Applications/JUCE/modules/juce_audio_processors/format_types/VST3_SDK",
					"$(SRCROOT)/../../JuceLibraryCode",
					"/Applications/JUCE/modules",
					"/Applications/JUCE/modules/juce_audio_plugin_client/AU",
					"$(inherited)",
				);
				INFOPLIST_FILE = Info-VST3_Manifest_Helper.plist;
				INFOPLIST_PREPROCESS = NO;
				LLVM_LTO = YES;
				MACOSX_DEPLOYMENT_TARGET = 10.13;
				MTL_HEADER_SEARCH_PATHS = "/Applications/JUCE/modules/juce_audio_processors/format_types/VST3_SDK $(SRCROOT)/../../JuceLibraryCode /Applications/JUCE/modules /Applications/JUCE/modules/juce_audio_plugin_client/AU";
				PRODUCT_BUNDLE_IDENTIFIER = com.PhilippPaulKloseAudioEngineering.SPLMeter;
				PRODUCT_NAME = "juce_vst3_helper";
				USE_HEADERMAP = NO;
				VALID_ARCHS = "i386 x86_64 arm64 arm64e";
			};
			name = Release;
		};
		9C937592DD6BB0089939DF80 /* Release */ = {
			isa = XCBuildConfiguration;
			buildSettings = {
				ALWAYS_SEARCH_USER_PATHS = NO;
				CLANG_ENABLE_OBJC_WEAK = YES;
				CLANG_WARN_BLOCK_CAPTURE_AUTORELEASING = YES;
				CLANG_WARN_BOOL_CONVERSION = YES;
				CLANG_WARN_COMMA = YES;
				CLANG_WARN_CONSTANT_CONVERSION = YES;
				CLANG_WARN_DEPRECATED_OBJC_IMPLEMENTATIONS = YES;
				CLANG_WARN_EMPTY_BODY = YES;
				CLANG_WARN_ENUM_CONVERSION = YES;
				CLANG_WARN_INFINITE_RECURSION = YES;
				CLANG_WARN_INT_CONVERSION = YES;
				CLANG_WARN_NON_LITERAL_NULL_CONVERSION = YES;
				CLANG_WARN_OBJC_IMPLICIT_RETAIN_SELF = YES;
				CLANG_WARN_OBJC_LITERAL_CONVERSION = YES;
				CLANG_WARN_RANGE_LOOP_ANALYSIS = YES;
				CLANG_WARN_STRICT_PROTOTYPES = YES;
				CLANG_WARN_SUSPICIOUS_MOVE = YES;
				CLANG_WARN_UNREACHABLE_CODE = YES;
				CLANG_WARN__DUPLICATE_METHOD_MATCH = YES;
				DEBUG_INFORMATION_FORMAT = dwarf;
				ENABLE_STRICT_OBJC_MSGSEND = YES;
				ENABLE_TESTABILITY = NO;
				GCC_C_LANGUAGE_STANDARD = c11;
				GCC_INLINES_ARE_PRIVATE_EXTERN = YES;
				GCC_MODEL_TUNING = G5;
				GCC_NO_COMMON_BLOCKS = YES;
				GCC_SYMBOLS_PRIVATE_EXTERN = YES;
				GCC_WARN_64_TO_32_BIT_CONVERSION = YES;
				GCC_WARN_ABOUT_RETURN_TYPE = YES;
				GCC_WARN_CHECK_SWITCH_STATEMENTS = YES;
				GCC_WARN_MISSING_PARENTHESES = YES;
				GCC_WARN_NON_VIRTUAL_DESTRUCTOR = YES;
				GCC_WARN_TYPECHECK_CALLS_TO_PRINTF = YES;
				GCC_WARN_UNDECLARED_SELECTOR = YES;
				GCC_WARN_UNINITIALIZED_AUTOS = YES;
				GCC_WARN_UNUSED_FUNCTION = YES;
				GCC_WARN_UNUSED_VARIABLE = YES;
				OTHER_CODE_SIGN_FLAGS = --timestamp;
				PRODUCT_NAME = "SPLMeter";
				SDKROOT = macosx;
				WARNING_CFLAGS = "-Wreorder";
				ZERO_LINK = NO;
			};
			name = Release;
		};
		9FF3CF9B83FC32BBBDF04BE1 /* Debug */ = {
			isa = XCBuildConfiguration;
			buildSettings = {
				CLANG_CXX_LANGUAGE_STANDARD = "c++17";
				CLANG_CXX_LIBRARY = "libc++";
				CLANG_LINK_OBJC_RUNTIME = NO;
				COMBINE_HIDPI_IMAGES = YES;
				CONFIGURATION_BUILD_DIR = "$(PROJECT_DIR)/build/$(CONFIGURATION)";
				COPY_PHASE_STRIP = NO;
				EXCLUDED_ARCHS = "";
				GCC_DYNAMIC_NO_PIC = NO;
				GCC_OPTIMIZATION_LEVEL = 0;
				GCC_PREPROCESSOR_DEFINITIONS = (
					"_DEBUG=1",
					"DEBUG=1",
					"JUCER_XCODE_MAC_F6D2F4CF=1",
					"JUCE_APP_VERSION=1.6.0",
					"JUCE_APP_VERSION_HEX=0x10600",
					"JucePlugin_Build_VST=0",
					"JucePlugin_Build_VST3=1",
					"JucePlugin_Build_AU=1",
					"JucePlugin_Build_AUv3=0",
					"JucePlugin_Build_AAX=0",
					"JucePlugin_Build_Standalone=1",
					"JucePlugin_Build_Unity=0",
					"JucePlugin_Build_LV2=0",
					"JUCE_SHARED_CODE=1",
				);
				GCC_VERSION = com.apple.compilers.llvm.clang.1_0;
				HEADER_SEARCH_PATHS = (
					"/Applications/JUCE/modules/juce_audio_processors/format_types/VST3_SDK",
					"$(SRCROOT)/../../JuceLibraryCode",
					"/Applications/JUCE/modules",
					"/Applications/JUCE/modules/juce_audio_plugin_client/AU",
					"$(inherited)",
				);
				INSTALL_PATH = "@executable_path/../Frameworks";
				MACOSX_DEPLOYMENT_TARGET = 10.13;
				MTL_HEADER_SEARCH_PATHS = "/Applications/JUCE/modules/juce_audio_processors/format_types/VST3_SDK $(SRCROOT)/../../JuceLibraryCode /Applications/JUCE/modules /Applications/JUCE/modules/juce_audio_plugin_client/AU";
				PRODUCT_BUNDLE_IDENTIFIER = com.PhilippPaulKloseAudioEngineering.SPLMeter;
				PRODUCT_NAME = "SPLMeter";
				SKIP_INSTALL = YES;
				USE_HEADERMAP = NO;
				VALID_ARCHS = "i386 x86_64 arm64 arm64e";
			};
			name = Debug;
		};
		AE47289C88CC669781A0C21D /* Release */ = {
			isa = XCBuildConfiguration;
			buildSettings = {
				CLANG_CXX_LANGUAGE_STANDARD = "c++17";
				CLANG_CXX_LIBRARY = "libc++";
				CLANG_LINK_OBJC_RUNTIME = NO;
				COMBINE_HIDPI_IMAGES = YES;
				CONFIGURATION_BUILD_DIR = "$(PROJECT_DIR)/build/$(CONFIGURATION)";
				DEAD_CODE_STRIPPING = YES;
				EXCLUDED_ARCHS = "";
				GCC_GENERATE_DEBUGGING_SYMBOLS = NO;
				GCC_OPTIMIZATION_LEVEL = 3;
				GCC_PREPROCESSOR_DEFINITIONS = (
					"_NDEBUG=1",
					"NDEBUG=1",
					"JUCER_XCODE_MAC_F6D2F4CF=1",
					"JUCE_APP_VERSION=1.6.0",
					"JUCE_APP_VERSION_HEX=0x10600",
					"JucePlugin_Build_VST=0",
					"JucePlugin_Build_VST3=0",
					"JucePlugin_Build_AU=1",
					"JucePlugin_Build_AUv3=0",
					"JucePlugin_Build_AAX=0",
					"JucePlugin_Build_Standalone=0",
					"JucePlugin_Build_Unity=0",
					"JucePlugin_Build_LV2=0",
				);
				GCC_VERSION = com.apple.compilers.llvm.clang.1_0;
				GENERATE_PKGINFO_FILE = YES;
				HEADER_SEARCH_PATHS = (
					"/Applications/JUCE/modules/juce_audio_processors/format_types/VST3_SDK",
					"$(SRCROOT)/../../JuceLibraryCode",
					"/Applications/JUCE/modules",
					"/Applications/JUCE/modules/juce_audio_plugin_client/AU",
					"$(inherited)",
				);
				INFOPLIST_FILE = Info-AU.plist;
				INFOPLIST_PREPROCESS = NO;
				INSTALL_PATH = "$(HOME)/Library/Audio/Plug-Ins/Components/";
				LIBRARY_STYLE = Bundle;
				LLVM_LTO = YES;
				MACOSX_DEPLOYMENT_TARGET = 10.13;
				MTL_HEADER_SEARCH_PATHS = "/Applications/JUCE/modules/juce_audio_processors/format_types/VST3_SDK $(SRCROOT)/../../JuceLibraryCode /Applications/JUCE/modules /Applications/JUCE/modules/juce_audio_plugin_client/AU";
				OTHER_LDFLAGS = "-bundle -lSPLMeter";
				OTHER_REZFLAGS = "-d ppc_$ppc -d i386_$i386 -d ppc64_$ppc64 -d x86_64_$x86_64 -d arm64_$arm64 -I /System/Library/Frameworks/CoreServices.framework/Frameworks/CarbonCore.framework/Versions/A/Headers -I \"$(DEVELOPER_DIR)/Extras/CoreAudio/AudioUnits/AUPublic/AUBase\" -I \"$(DEVELOPER_DIR)/Platforms/MacOSX.platform/Developer/SDKs/MacOSX.sdk/System/Library/Frameworks/AudioUnit.framework/Headers\"";
				PRODUCT_BUNDLE_IDENTIFIER = com.PhilippPaulKloseAudioEngineering.SPLMeter;
				PRODUCT_NAME = "SPLMeter";
				USE_HEADERMAP = NO;
				VALID_ARCHS = "i386 x86_64 arm64 arm64e";
				WRAPPER_EXTENSION = component;
			};
			name = Release;
		};
		C0665A8C29D940DF659C68C7 /* Release */ = {
			isa = XCBuildConfiguration;
			buildSettings = {
				CLANG_CXX_LANGUAGE_STANDARD = "c++17";
				CLANG_CXX_LIBRARY = "libc++";
				CLANG_LINK_OBJC_RUNTIME = NO;
				COMBINE_HIDPI_IMAGES = YES;
				CONFIGURATION_BUILD_DIR = "$(PROJECT_DIR)/build/$(CONFIGURATION)";
				DEAD_CODE_STRIPPING = YES;
				EXCLUDED_ARCHS = "";
				GCC_GENERATE_DEBUGGING_SYMBOLS = NO;
				GCC_OPTIMIZATION_LEVEL = 3;
				GCC_PREPROCESSOR_DEFINITIONS = (
					"_NDEBUG=1",
					"NDEBUG=1",
					"JUCER_XCODE_MAC_F6D2F4CF=1",
					"JUCE_APP_VERSION=1.6.0",
					"JUCE_APP_VERSION_HEX=0x10600",
					"JucePlugin_Build_VST=0",
					"JucePlugin_Build_VST3=1",
					"JucePlugin_Build_AU=0",
					"JucePlugin_Build_AUv3=0",
					"JucePlugin_Build_AAX=0",
					"JucePlugin_Build_Standalone=0",
					"JucePlugin_Build_Unity=0",
					"JucePlugin_Build_LV2=0",
				);
				GCC_VERSION = com.apple.compilers.llvm.clang.1_0;
				GENERATE_PKGINFO_FILE = YES;
				HEADER_SEARCH_PATHS = (
					"/Applications/JUCE/modules/juce_audio_processors/format_types/VST3_SDK",
					"$(SRCROOT)/../../JuceLibraryCode",
					"/Applications/JUCE/modules",
					"/Applications/JUCE/modules/juce_audio_plugin_client/AU",
					"$(inherited)",
				);
				INFOPLIST_FILE = Info-VST3.plist;
				INFOPLIST_PREPROCESS = NO;
				INSTALL_PATH = "$(HOME)/Library/Audio/Plug-Ins/VST3/";
				LIBRARY_STYLE = Bundle;
				LLVM_LTO = YES;
				MACOSX_DEPLOYMENT_TARGET = 10.13;
				MTL_HEADER_SEARCH_PATHS = "/Applications/JUCE/modules/juce_audio_processors/format_types/VST3_SDK $(SRCROOT)/../../JuceLibraryCode /Applications/JUCE/modules /Applications/JUCE/modules/juce_audio_plugin_client/AU";
				OTHER_LDFLAGS = "-bundle -lSPLMeter";
				PRODUCT_BUNDLE_IDENTIFIER = com.PhilippPaulKloseAudioEngineering.SPLMeter;
				PRODUCT_NAME = "SPLMeter";
				USE_HEADERMAP = NO;
				VALID_ARCHS = "i386 x86_64 arm64 arm64e";
				WRAPPER_EXTENSION = vst3;
			};
			name = Release;
		};
		C1DF763A84B956D6F68E07F2 /* Debug */ = {
			isa = XCBuildConfiguration;
			buildSettings = {
				CLANG_CXX_LANGUAGE_STANDARD = "c++17";
				CLANG_CXX_LIBRARY = "libc++";
				CLANG_LINK_OBJC_RUNTIME = NO;
				COMBINE_HIDPI_IMAGES = YES;
				CONFIGURATION_BUILD_DIR = "$(PROJECT_DIR)/build/$(CONFIGURATION)";
				COPY_PHASE_STRIP = NO;
				EXCLUDED_ARCHS = "";
				GCC_DYNAMIC_NO_PIC = NO;
				GCC_OPTIMIZATION_LEVEL = 0;
				GCC_PREPROCESSOR_DEFINITIONS = (
					"_DEBUG=1",
					"DEBUG=1",
					"JUCER_XCODE_MAC_F6D2F4CF=1",
					"JUCE_APP_VERSION=1.6.0",
					"JUCE_APP_VERSION_HEX=0x10600",
					"JucePlugin_Build_VST=0",
					"JucePlugin_Build_VST3=0",
					"JucePlugin_Build_AU=1",
					"JucePlugin_Build_AUv3=0",
					"JucePlugin_Build_AAX=0",
					"JucePlugin_Build_Standalone=0",
					"JucePlugin_Build_Unity=0",
					"JucePlugin_Build_LV2=0",
				);
				GCC_VERSION = com.apple.compilers.llvm.clang.1_0;
				GENERATE_PKGINFO_FILE = YES;
				HEADER_SEARCH_PATHS = (
					"/Applications/JUCE/modules/juce_audio_processors/format_types/VST3_SDK",
					"$(SRCROOT)/../../JuceLibraryCode",
					"/Applications/JUCE/modules",
					"/Applications/JUCE/modules/juce_audio_plugin_client/AU",
					"$(inherited)",
				);
				INFOPLIST_FILE = Info-AU.plist;
				INFOPLIST_PREPROCESS = NO;
				INSTALL_PATH = "$(HOME)/Library/Audio/Plug-Ins/Components/";
				LIBRARY_STYLE = Bundle;
				MACOSX_DEPLOYMENT_TARGET = 10.13;
				MTL_HEADER_SEARCH_PATHS = "/Applications/JUCE/modules/juce_audio_processors/format_types/VST3_SDK $(SRCROOT)/../../JuceLibraryCode /Applications/JUCE/modules /Applications/JUCE/modules/juce_audio_plugin_client/AU";
				OTHER_LDFLAGS = "-bundle -lSPLMeter";
				OTHER_REZFLAGS = "-d ppc_$ppc -d i386_$i386 -d ppc64_$ppc64 -d x86_64_$x86_64 -d arm64_$arm64 -I /System/Library/Frameworks/CoreServices.framework/Frameworks/CarbonCore.framework/Versions/A/Headers -I \"$(DEVELOPER_DIR)/Extras/CoreAudio/AudioUnits/AUPublic/AUBase\" -I \"$(DEVELOPER_DIR)/Platforms/MacOSX.platform/Developer/SDKs/MacOSX.sdk/System/Library/Frameworks/AudioUnit.framework/Headers\"";
				PRODUCT_BUNDLE_IDENTIFIER = com.PhilippPaulKloseAudioEngineering.SPLMeter;
				PRODUCT_NAME = "SPLMeter";
				USE_HEADERMAP = NO;
				VALID_ARCHS = "i386 x86_64 arm64 arm64e";
				WRAPPER_EXTENSION = component;
			};
			name = Debug;
		};
		CEAFAFA43DB2FB7266A0C8A9 /* Release */ = {
			isa = XCBuildConfiguration;
			buildSettings = {
				CLANG_CXX_LANGUAGE_STANDARD = "c++17";
				CLANG_CXX_LIBRARY = "libc++";
				CLANG_LINK_OBJC_RUNTIME = NO;
				COMBINE_HIDPI_IMAGES = YES;
				CONFIGURATION_BUILD_DIR = "$(PROJECT_DIR)/build/$(CONFIGURATION)";
				DEAD_CODE_STRIPPING = YES;
				EXCLUDED_ARCHS = "";
				GCC_GENERATE_DEBUGGING_SYMBOLS = NO;
				GCC_OPTIMIZATION_LEVEL = 3;
				GCC_PREPROCESSOR_DEFINITIONS = (
					"_NDEBUG=1",
					"NDEBUG=1",
					"JUCER_XCODE_MAC_F6D2F4CF=1",
					"JUCE_APP_VERSION=1.6.0",
					"JUCE_APP_VERSION_HEX=0x10600",
					"JucePlugin_Build_VST=0",
					"JucePlugin_Build_VST3=1",
					"JucePlugin_Build_AU=1",
					"JucePlugin_Build_AUv3=0",
					"JucePlugin_Build_AAX=0",
					"JucePlugin_Build_Standalone=1",
					"JucePlugin_Build_Unity=0",
					"JucePlugin_Build_LV2=0",
					"JUCE_SHARED_CODE=1",
				);
				GCC_VERSION = com.apple.compilers.llvm.clang.1_0;
				HEADER_SEARCH_PATHS = (
					"/Applications/JUCE/modules/juce_audio_processors/format_types/VST3_SDK",
					"$(SRCROOT)/../../JuceLibraryCode",
					"/Applications/JUCE/modules",
					"/Applications/JUCE/modules/juce_audio_plugin_client/AU",
					"$(inherited)",
				);
				INSTALL_PATH = "@executable_path/../Frameworks";
				LLVM_LTO = YES;
				MACOSX_DEPLOYMENT_TARGET = 10.13;
				MTL_HEADER_SEARCH_PATHS = "/Applications/JUCE/modules/juce_audio_processors/format_types/VST3_SDK $(SRCROOT)/../../JuceLibraryCode /Applications/JUCE/modules /Applications/JUCE/modules/juce_audio_plugin_client/AU";
				PRODUCT_BUNDLE_IDENTIFIER = com.PhilippPaulKloseAudioEngineering.SPLMeter;
				PRODUCT_NAME = "SPLMeter";
				SKIP_INSTALL = YES;
				USE_HEADERMAP = NO;
				VALID_ARCHS = "i386 x86_64 arm64 arm64e";
			};
			name = Release;
		};
		F79210BDDADFABE8974D84C6 /* Debug */ = {
			isa = XCBuildConfiguration;
			buildSettings = {
				MACOSX_DEPLOYMENT_TARGET = 10.13;
				SDKROOT = macosx;
			};
			name = Debug;
		};
/* End XCBuildConfiguration section */

/* Begin XCConfigurationList section */
		339CB794316B31E33E34E4E1 = {
			isa = XCConfigurationList;
			buildConfigurations = (
				9FF3CF9B83FC32BBBDF04BE1,
				CEAFAFA43DB2FB7266A0C8A9,
			);
			defaultConfigurationIsVisible = 0;
			defaultConfigurationName = Debug;
		};
		4A034C79D9610346DBE93769 = {
			isa = XCConfigurationList;
			buildConfigurations = (
				F79210BDDADFABE8974D84C6,
				630CDEB0E8E2A2CDB917BA25,
			);
			defaultConfigurationIsVisible = 0;
			defaultConfigurationName = Debug;
		};
		63C5075BE4AC2180D4E3E4DF = {
			isa = XCConfigurationList;
			buildConfigurations = (
				C1DF763A84B956D6F68E07F2,
				AE47289C88CC669781A0C21D,
			);
			defaultConfigurationIsVisible = 0;
			defaultConfigurationName = Debug;
		};
		A13C98507D9C61B7A0323B7F = {
			isa = XCConfigurationList;
			buildConfigurations = (
				3F29D6C364F3D72892BED228,
				7149E85016F8525EFE6F48CD,
			);
			defaultConfigurationIsVisible = 0;
			defaultConfigurationName = Debug;
		};
		AB2F17F6A949E41ADC3520A3 = {
			isa = XCConfigurationList;
			buildConfigurations = (
				45E8CE299F7882274CD01B2B,
				4E413EE587AC8366B9C049DF,
			);
			defaultConfigurationIsVisible = 0;
			defaultConfigurationName = Debug;
		};
		C59A38ECF010BCAF0336CA61 = {
			isa = XCConfigurationList;
			buildConfigurations = (
				6CB23261FD7F748B65ED82E0,
				C0665A8C29D940DF659C68C7,
			);
			defaultConfigurationIsVisible = 0;
			defaultConfigurationName = Debug;
		};
		D238A63D58280D585174BC8E = {
			isa = XCConfigurationList;
			buildConfigurations = (
				2066EAB76B479D43CBE9B50C,
				9C937592DD6BB0089939DF80,
			);
			defaultConfigurationIsVisible = 0;
			defaultConfigurationName = Debug;
		};
/* End XCConfigurationList section */
	};
	rootObject = D5881CD87174DC0EABB74FF6 /* Project object */;
}
